// !$*UTF8*$!
{
	archiveVersion = 1;
	classes = {
	};
	objectVersion = 51;
	objects = {

/* Begin PBXBuildFile section */
		7C6FADD8CDF021D411150932 /* Pods_NEProTest.framework in Frameworks */ = {isa = PBXBuildFile; fileRef = 98C5DF08EFAB5BD34009A9BE /* Pods_NEProTest.framework */; };
		8960E42925E0AB1E00B6F3BA /* TouchTestViewController.m in Sources */ = {isa = PBXBuildFile; fileRef = 8960E42725E0AB1E00B6F3BA /* TouchTestViewController.m */; };
		8960E42A25E0AB1E00B6F3BA /* TouchTestViewController.xib in Resources */ = {isa = PBXBuildFile; fileRef = 8960E42825E0AB1E00B6F3BA /* TouchTestViewController.xib */; };
		8960E42E25E0ABB600B6F3BA /* TouchOneView.m in Sources */ = {isa = PBXBuildFile; fileRef = 8960E42D25E0ABB600B6F3BA /* TouchOneView.m */; };
		8960E43225E0ABCA00B6F3BA /* TouchTwoView.m in Sources */ = {isa = PBXBuildFile; fileRef = 8960E43125E0ABCA00B6F3BA /* TouchTwoView.m */; };
		8960E43625E0B35E00B6F3BA /* TouchButton.m in Sources */ = {isa = PBXBuildFile; fileRef = 8960E43525E0B35E00B6F3BA /* TouchButton.m */; };
		8999F49825DFAA2C00591178 /* SanboxViewController.swift in Sources */ = {isa = PBXBuildFile; fileRef = 8999F49725DFAA2C00591178 /* SanboxViewController.swift */; };
		8999F49F25DFAE1400591178 /* CerViewController.m in Sources */ = {isa = PBXBuildFile; fileRef = 8999F49E25DFAE1400591178 /* CerViewController.m */; };
		8999F4A225DFB0A800591178 /* cert.der in Resources */ = {isa = PBXBuildFile; fileRef = 8999F4A125DFB0A800591178 /* cert.der */; };
		89A9A1A925D10E6A000F9748 /* AppDelegate.swift in Sources */ = {isa = PBXBuildFile; fileRef = 89A9A1A825D10E6A000F9748 /* AppDelegate.swift */; };
		89A9A1AD25D10E6A000F9748 /* ViewController.swift in Sources */ = {isa = PBXBuildFile; fileRef = 89A9A1AC25D10E6A000F9748 /* ViewController.swift */; };
		89A9A1B025D10E6A000F9748 /* Main.storyboard in Resources */ = {isa = PBXBuildFile; fileRef = 89A9A1AE25D10E6A000F9748 /* Main.storyboard */; };
		89A9A1B225D10E6B000F9748 /* Assets.xcassets in Resources */ = {isa = PBXBuildFile; fileRef = 89A9A1B125D10E6B000F9748 /* Assets.xcassets */; };
		89A9A1B525D10E6B000F9748 /* LaunchScreen.storyboard in Resources */ = {isa = PBXBuildFile; fileRef = 89A9A1B325D10E6B000F9748 /* LaunchScreen.storyboard */; };
		89A9A1C525D11B8A000F9748 /* NEProTest.plist in Resources */ = {isa = PBXBuildFile; fileRef = 89A9A1C425D11B8A000F9748 /* NEProTest.plist */; };
/* End PBXBuildFile section */

/* Begin PBXFileReference section */
		8960E42625E0AB1E00B6F3BA /* TouchTestViewController.h */ = {isa = PBXFileReference; lastKnownFileType = sourcecode.c.h; path = TouchTestViewController.h; sourceTree = "<group>"; };
		8960E42725E0AB1E00B6F3BA /* TouchTestViewController.m */ = {isa = PBXFileReference; lastKnownFileType = sourcecode.c.objc; path = TouchTestViewController.m; sourceTree = "<group>"; };
		8960E42825E0AB1E00B6F3BA /* TouchTestViewController.xib */ = {isa = PBXFileReference; lastKnownFileType = file.xib; path = TouchTestViewController.xib; sourceTree = "<group>"; };
		8960E42C25E0ABB600B6F3BA /* TouchOneView.h */ = {isa = PBXFileReference; lastKnownFileType = sourcecode.c.h; path = TouchOneView.h; sourceTree = "<group>"; };
		8960E42D25E0ABB600B6F3BA /* TouchOneView.m */ = {isa = PBXFileReference; lastKnownFileType = sourcecode.c.objc; path = TouchOneView.m; sourceTree = "<group>"; };
		8960E43025E0ABCA00B6F3BA /* TouchTwoView.h */ = {isa = PBXFileReference; lastKnownFileType = sourcecode.c.h; path = TouchTwoView.h; sourceTree = "<group>"; };
		8960E43125E0ABCA00B6F3BA /* TouchTwoView.m */ = {isa = PBXFileReference; lastKnownFileType = sourcecode.c.objc; path = TouchTwoView.m; sourceTree = "<group>"; };
		8960E43425E0B35E00B6F3BA /* TouchButton.h */ = {isa = PBXFileReference; lastKnownFileType = sourcecode.c.h; path = TouchButton.h; sourceTree = "<group>"; };
		8960E43525E0B35E00B6F3BA /* TouchButton.m */ = {isa = PBXFileReference; lastKnownFileType = sourcecode.c.objc; path = TouchButton.m; sourceTree = "<group>"; };
		8999F49725DFAA2C00591178 /* SanboxViewController.swift */ = {isa = PBXFileReference; lastKnownFileType = sourcecode.swift; path = SanboxViewController.swift; sourceTree = "<group>"; };
		8999F49C25DFAE1300591178 /* NEProTest-Bridging-Header.h */ = {isa = PBXFileReference; lastKnownFileType = sourcecode.c.h; path = "NEProTest-Bridging-Header.h"; sourceTree = "<group>"; };
		8999F49D25DFAE1400591178 /* CerViewController.h */ = {isa = PBXFileReference; lastKnownFileType = sourcecode.c.h; path = CerViewController.h; sourceTree = "<group>"; };
		8999F49E25DFAE1400591178 /* CerViewController.m */ = {isa = PBXFileReference; lastKnownFileType = sourcecode.c.objc; path = CerViewController.m; sourceTree = "<group>"; };
		8999F4A125DFB0A800591178 /* cert.der */ = {isa = PBXFileReference; lastKnownFileType = file; path = cert.der; sourceTree = "<group>"; };
		89A9A1A525D10E6A000F9748 /* NEProTest.app */ = {isa = PBXFileReference; explicitFileType = wrapper.application; includeInIndex = 0; path = NEProTest.app; sourceTree = BUILT_PRODUCTS_DIR; };
		89A9A1A825D10E6A000F9748 /* AppDelegate.swift */ = {isa = PBXFileReference; lastKnownFileType = sourcecode.swift; path = AppDelegate.swift; sourceTree = "<group>"; };
		89A9A1AC25D10E6A000F9748 /* ViewController.swift */ = {isa = PBXFileReference; lastKnownFileType = sourcecode.swift; path = ViewController.swift; sourceTree = "<group>"; };
		89A9A1AF25D10E6A000F9748 /* Base */ = {isa = PBXFileReference; lastKnownFileType = file.storyboard; name = Base; path = Base.lproj/Main.storyboard; sourceTree = "<group>"; };
		89A9A1B125D10E6B000F9748 /* Assets.xcassets */ = {isa = PBXFileReference; lastKnownFileType = folder.assetcatalog; path = Assets.xcassets; sourceTree = "<group>"; };
		89A9A1B425D10E6B000F9748 /* Base */ = {isa = PBXFileReference; lastKnownFileType = file.storyboard; name = Base; path = Base.lproj/LaunchScreen.storyboard; sourceTree = "<group>"; };
		89A9A1B625D10E6B000F9748 /* Info.plist */ = {isa = PBXFileReference; lastKnownFileType = text.plist.xml; path = Info.plist; sourceTree = "<group>"; };
		89A9A1C425D11B8A000F9748 /* NEProTest.plist */ = {isa = PBXFileReference; lastKnownFileType = text.plist.xml; path = NEProTest.plist; sourceTree = "<group>"; };
		8C7899B900FC476B6AE78736 /* Pods-NEProTest.release.xcconfig */ = {isa = PBXFileReference; includeInIndex = 1; lastKnownFileType = text.xcconfig; name = "Pods-NEProTest.release.xcconfig"; path = "Target Support Files/Pods-NEProTest/Pods-NEProTest.release.xcconfig"; sourceTree = "<group>"; };
		98C5DF08EFAB5BD34009A9BE /* Pods_NEProTest.framework */ = {isa = PBXFileReference; explicitFileType = wrapper.framework; includeInIndex = 0; path = Pods_NEProTest.framework; sourceTree = BUILT_PRODUCTS_DIR; };
		B7FA075EF8E8FCED21020D7B /* Pods-NEProTest.debug.xcconfig */ = {isa = PBXFileReference; includeInIndex = 1; lastKnownFileType = text.xcconfig; name = "Pods-NEProTest.debug.xcconfig"; path = "Target Support Files/Pods-NEProTest/Pods-NEProTest.debug.xcconfig"; sourceTree = "<group>"; };
/* End PBXFileReference section */

/* Begin PBXFrameworksBuildPhase section */
		89A9A1A225D10E6A000F9748 /* Frameworks */ = {
			isa = PBXFrameworksBuildPhase;
			buildActionMask = 2147483647;
			files = (
				7C6FADD8CDF021D411150932 /* Pods_NEProTest.framework in Frameworks */,
			);
			runOnlyForDeploymentPostprocessing = 0;
		};
/* End PBXFrameworksBuildPhase section */

/* Begin PBXGroup section */
		8960E42525E0AAC900B6F3BA /* 事件分发机制 */ = {
			isa = PBXGroup;
			children = (
				8960E42625E0AB1E00B6F3BA /* TouchTestViewController.h */,
				8960E42725E0AB1E00B6F3BA /* TouchTestViewController.m */,
				8960E42825E0AB1E00B6F3BA /* TouchTestViewController.xib */,
				8960E42C25E0ABB600B6F3BA /* TouchOneView.h */,
				8960E42D25E0ABB600B6F3BA /* TouchOneView.m */,
				8960E43025E0ABCA00B6F3BA /* TouchTwoView.h */,
				8960E43125E0ABCA00B6F3BA /* TouchTwoView.m */,
				8960E43425E0B35E00B6F3BA /* TouchButton.h */,
				8960E43525E0B35E00B6F3BA /* TouchButton.m */,
			);
			name = "事件分发机制";
			sourceTree = "<group>";
		};
		8999F49625DFAA0100591178 /* Sanbox */ = {
			isa = PBXGroup;
			children = (
				8999F49725DFAA2C00591178 /* SanboxViewController.swift */,
			);
			path = Sanbox;
			sourceTree = "<group>";
		};
		8999F49B25DFADD300591178 /* 自签名证书https校验 */ = {
			isa = PBXGroup;
			children = (
				8999F49D25DFAE1400591178 /* CerViewController.h */,
				8999F49E25DFAE1400591178 /* CerViewController.m */,
				8999F49C25DFAE1300591178 /* NEProTest-Bridging-Header.h */,
			);
			path = "自签名证书https校验";
			sourceTree = "<group>";
		};
		89A9A19C25D10E6A000F9748 = {
			isa = PBXGroup;
			children = (
				89A9A1A725D10E6A000F9748 /* NEProTest */,
				89A9A1A625D10E6A000F9748 /* Products */,
				E79ED1A0ECFD5BDC6F2BD62E /* Pods */,
				C448C328C7C0D74D4BEE6C91 /* Frameworks */,
			);
			sourceTree = "<group>";
		};
		89A9A1A625D10E6A000F9748 /* Products */ = {
			isa = PBXGroup;
			children = (
				89A9A1A525D10E6A000F9748 /* NEProTest.app */,
			);
			name = Products;
			sourceTree = "<group>";
		};
		89A9A1A725D10E6A000F9748 /* NEProTest */ = {
			isa = PBXGroup;
			children = (
				8999F4A125DFB0A800591178 /* cert.der */,
				8960E42525E0AAC900B6F3BA /* 事件分发机制 */,
				8999F49B25DFADD300591178 /* 自签名证书https校验 */,
				8999F49625DFAA0100591178 /* Sanbox */,
				89A9A1A825D10E6A000F9748 /* AppDelegate.swift */,
				89A9A1AC25D10E6A000F9748 /* ViewController.swift */,
				89A9A1AE25D10E6A000F9748 /* Main.storyboard */,
				89A9A1B125D10E6B000F9748 /* Assets.xcassets */,
				89A9A1B325D10E6B000F9748 /* LaunchScreen.storyboard */,
				89A9A1B625D10E6B000F9748 /* Info.plist */,
				89A9A1C425D11B8A000F9748 /* NEProTest.plist */,
			);
			path = NEProTest;
			sourceTree = "<group>";
		};
		C448C328C7C0D74D4BEE6C91 /* Frameworks */ = {
			isa = PBXGroup;
			children = (
				98C5DF08EFAB5BD34009A9BE /* Pods_NEProTest.framework */,
			);
			name = Frameworks;
			sourceTree = "<group>";
		};
		E79ED1A0ECFD5BDC6F2BD62E /* Pods */ = {
			isa = PBXGroup;
			children = (
				B7FA075EF8E8FCED21020D7B /* Pods-NEProTest.debug.xcconfig */,
				8C7899B900FC476B6AE78736 /* Pods-NEProTest.release.xcconfig */,
			);
			path = Pods;
			sourceTree = "<group>";
		};
/* End PBXGroup section */

/* Begin PBXNativeTarget section */
		89A9A1A425D10E6A000F9748 /* NEProTest */ = {
			isa = PBXNativeTarget;
			buildConfigurationList = 89A9A1B925D10E6B000F9748 /* Build configuration list for PBXNativeTarget "NEProTest" */;
			buildPhases = (
				902DB97D5E7C2CF6111CFDD4 /* [CP] Check Pods Manifest.lock */,
				89A9A1A125D10E6A000F9748 /* Sources */,
				89A9A1A225D10E6A000F9748 /* Frameworks */,
				89A9A1A325D10E6A000F9748 /* Resources */,
				7BA2B6ED6221484294E3362D /* [CP] Embed Pods Frameworks */,
			);
			buildRules = (
			);
			dependencies = (
			);
			name = NEProTest;
			productName = NEProTest;
			productReference = 89A9A1A525D10E6A000F9748 /* NEProTest.app */;
			productType = "com.apple.product-type.application";
		};
/* End PBXNativeTarget section */

/* Begin PBXProject section */
		89A9A19D25D10E6A000F9748 /* Project object */ = {
			isa = PBXProject;
			attributes = {
				LastSwiftUpdateCheck = 1240;
				LastUpgradeCheck = 1240;
				TargetAttributes = {
					89A9A1A425D10E6A000F9748 = {
						CreatedOnToolsVersion = 12.4;
						LastSwiftMigration = 1240;
					};
				};
			};
			buildConfigurationList = 89A9A1A025D10E6A000F9748 /* Build configuration list for PBXProject "NEProTest" */;
			compatibilityVersion = "Xcode 9.3";
			developmentRegion = en;
			hasScannedForEncodings = 0;
			knownRegions = (
				en,
				Base,
			);
			mainGroup = 89A9A19C25D10E6A000F9748;
			productRefGroup = 89A9A1A625D10E6A000F9748 /* Products */;
			projectDirPath = "";
			projectRoot = "";
			targets = (
				89A9A1A425D10E6A000F9748 /* NEProTest */,
			);
		};
/* End PBXProject section */

/* Begin PBXResourcesBuildPhase section */
		89A9A1A325D10E6A000F9748 /* Resources */ = {
			isa = PBXResourcesBuildPhase;
			buildActionMask = 2147483647;
			files = (
				8960E42A25E0AB1E00B6F3BA /* TouchTestViewController.xib in Resources */,
				89A9A1B525D10E6B000F9748 /* LaunchScreen.storyboard in Resources */,
				8999F4A225DFB0A800591178 /* cert.der in Resources */,
				89A9A1C525D11B8A000F9748 /* NEProTest.plist in Resources */,
				89A9A1B225D10E6B000F9748 /* Assets.xcassets in Resources */,
				89A9A1B025D10E6A000F9748 /* Main.storyboard in Resources */,
			);
			runOnlyForDeploymentPostprocessing = 0;
		};
/* End PBXResourcesBuildPhase section */

/* Begin PBXShellScriptBuildPhase section */
		7BA2B6ED6221484294E3362D /* [CP] Embed Pods Frameworks */ = {
			isa = PBXShellScriptBuildPhase;
			buildActionMask = 2147483647;
			files = (
			);
			inputFileListPaths = (
				"${PODS_ROOT}/Target Support Files/Pods-NEProTest/Pods-NEProTest-frameworks-${CONFIGURATION}-input-files.xcfilelist",
			);
			name = "[CP] Embed Pods Frameworks";
			outputFileListPaths = (
				"${PODS_ROOT}/Target Support Files/Pods-NEProTest/Pods-NEProTest-frameworks-${CONFIGURATION}-output-files.xcfilelist",
			);
			runOnlyForDeploymentPostprocessing = 0;
			shellPath = /bin/sh;
			shellScript = "\"${PODS_ROOT}/Target Support Files/Pods-NEProTest/Pods-NEProTest-frameworks.sh\"\n";
			showEnvVarsInLog = 0;
		};
		902DB97D5E7C2CF6111CFDD4 /* [CP] Check Pods Manifest.lock */ = {
			isa = PBXShellScriptBuildPhase;
			buildActionMask = 2147483647;
			files = (
			);
			inputFileListPaths = (
			);
			inputPaths = (
				"${PODS_PODFILE_DIR_PATH}/Podfile.lock",
				"${PODS_ROOT}/Manifest.lock",
			);
			name = "[CP] Check Pods Manifest.lock";
			outputFileListPaths = (
			);
			outputPaths = (
				"$(DERIVED_FILE_DIR)/Pods-NEProTest-checkManifestLockResult.txt",
			);
			runOnlyForDeploymentPostprocessing = 0;
			shellPath = /bin/sh;
			shellScript = "diff \"${PODS_PODFILE_DIR_PATH}/Podfile.lock\" \"${PODS_ROOT}/Manifest.lock\" > /dev/null\nif [ $? != 0 ] ; then\n    # print error to STDERR\n    echo \"error: The sandbox is not in sync with the Podfile.lock. Run 'pod install' or update your CocoaPods installation.\" >&2\n    exit 1\nfi\n# This output is used by Xcode 'outputs' to avoid re-running this script phase.\necho \"SUCCESS\" > \"${SCRIPT_OUTPUT_FILE_0}\"\n";
			showEnvVarsInLog = 0;
		};
/* End PBXShellScriptBuildPhase section */

/* Begin PBXSourcesBuildPhase section */
		89A9A1A125D10E6A000F9748 /* Sources */ = {
			isa = PBXSourcesBuildPhase;
			buildActionMask = 2147483647;
			files = (
				89A9A1AD25D10E6A000F9748 /* ViewController.swift in Sources */,
				8960E42E25E0ABB600B6F3BA /* TouchOneView.m in Sources */,
				8999F49825DFAA2C00591178 /* SanboxViewController.swift in Sources */,
				8960E43225E0ABCA00B6F3BA /* TouchTwoView.m in Sources */,
				89A9A1A925D10E6A000F9748 /* AppDelegate.swift in Sources */,
				8960E42925E0AB1E00B6F3BA /* TouchTestViewController.m in Sources */,
				8999F49F25DFAE1400591178 /* CerViewController.m in Sources */,
				8960E43625E0B35E00B6F3BA /* TouchButton.m in Sources */,
			);
			runOnlyForDeploymentPostprocessing = 0;
		};
/* End PBXSourcesBuildPhase section */

/* Begin PBXVariantGroup section */
		89A9A1AE25D10E6A000F9748 /* Main.storyboard */ = {
			isa = PBXVariantGroup;
			children = (
				89A9A1AF25D10E6A000F9748 /* Base */,
			);
			name = Main.storyboard;
			sourceTree = "<group>";
		};
		89A9A1B325D10E6B000F9748 /* LaunchScreen.storyboard */ = {
			isa = PBXVariantGroup;
			children = (
				89A9A1B425D10E6B000F9748 /* Base */,
			);
			name = LaunchScreen.storyboard;
			sourceTree = "<group>";
		};
/* End PBXVariantGroup section */

/* Begin XCBuildConfiguration section */
		89A9A1B725D10E6B000F9748 /* Debug */ = {
			isa = XCBuildConfiguration;
			buildSettings = {
				ALWAYS_SEARCH_USER_PATHS = NO;
				CLANG_ANALYZER_NONNULL = YES;
				CLANG_ANALYZER_NUMBER_OBJECT_CONVERSION = YES_AGGRESSIVE;
				CLANG_CXX_LANGUAGE_STANDARD = "gnu++14";
				CLANG_CXX_LIBRARY = "libc++";
				CLANG_ENABLE_MODULES = YES;
				CLANG_ENABLE_OBJC_ARC = YES;
				CLANG_ENABLE_OBJC_WEAK = YES;
				CLANG_WARN_BLOCK_CAPTURE_AUTORELEASING = YES;
				CLANG_WARN_BOOL_CONVERSION = YES;
				CLANG_WARN_COMMA = YES;
				CLANG_WARN_CONSTANT_CONVERSION = YES;
				CLANG_WARN_DEPRECATED_OBJC_IMPLEMENTATIONS = YES;
				CLANG_WARN_DIRECT_OBJC_ISA_USAGE = YES_ERROR;
				CLANG_WARN_DOCUMENTATION_COMMENTS = YES;
				CLANG_WARN_EMPTY_BODY = YES;
				CLANG_WARN_ENUM_CONVERSION = YES;
				CLANG_WARN_INFINITE_RECURSION = YES;
				CLANG_WARN_INT_CONVERSION = YES;
				CLANG_WARN_NON_LITERAL_NULL_CONVERSION = YES;
				CLANG_WARN_OBJC_IMPLICIT_RETAIN_SELF = YES;
				CLANG_WARN_OBJC_LITERAL_CONVERSION = YES;
				CLANG_WARN_OBJC_ROOT_CLASS = YES_ERROR;
				CLANG_WARN_QUOTED_INCLUDE_IN_FRAMEWORK_HEADER = YES;
				CLANG_WARN_RANGE_LOOP_ANALYSIS = YES;
				CLANG_WARN_STRICT_PROTOTYPES = YES;
				CLANG_WARN_SUSPICIOUS_MOVE = YES;
				CLANG_WARN_UNGUARDED_AVAILABILITY = YES_AGGRESSIVE;
				CLANG_WARN_UNREACHABLE_CODE = YES;
				CLANG_WARN__DUPLICATE_METHOD_MATCH = YES;
				COPY_PHASE_STRIP = NO;
				DEBUG_INFORMATION_FORMAT = dwarf;
				ENABLE_STRICT_OBJC_MSGSEND = YES;
				ENABLE_TESTABILITY = YES;
				GCC_C_LANGUAGE_STANDARD = gnu11;
				GCC_DYNAMIC_NO_PIC = NO;
				GCC_NO_COMMON_BLOCKS = YES;
				GCC_OPTIMIZATION_LEVEL = 0;
				GCC_PREPROCESSOR_DEFINITIONS = (
					"DEBUG=1",
					"$(inherited)",
				);
				GCC_WARN_64_TO_32_BIT_CONVERSION = YES;
				GCC_WARN_ABOUT_RETURN_TYPE = YES_ERROR;
				GCC_WARN_UNDECLARED_SELECTOR = YES;
				GCC_WARN_UNINITIALIZED_AUTOS = YES_AGGRESSIVE;
				GCC_WARN_UNUSED_FUNCTION = YES;
				GCC_WARN_UNUSED_VARIABLE = YES;
				IPHONEOS_DEPLOYMENT_TARGET = 10.0;
				MTL_ENABLE_DEBUG_INFO = INCLUDE_SOURCE;
				MTL_FAST_MATH = YES;
				ONLY_ACTIVE_ARCH = YES;
				SDKROOT = iphoneos;
				SWIFT_ACTIVE_COMPILATION_CONDITIONS = DEBUG;
				SWIFT_OPTIMIZATION_LEVEL = "-Onone";
			};
			name = Debug;
		};
		89A9A1B825D10E6B000F9748 /* Release */ = {
			isa = XCBuildConfiguration;
			buildSettings = {
				ALWAYS_SEARCH_USER_PATHS = NO;
				CLANG_ANALYZER_NONNULL = YES;
				CLANG_ANALYZER_NUMBER_OBJECT_CONVERSION = YES_AGGRESSIVE;
				CLANG_CXX_LANGUAGE_STANDARD = "gnu++14";
				CLANG_CXX_LIBRARY = "libc++";
				CLANG_ENABLE_MODULES = YES;
				CLANG_ENABLE_OBJC_ARC = YES;
				CLANG_ENABLE_OBJC_WEAK = YES;
				CLANG_WARN_BLOCK_CAPTURE_AUTORELEASING = YES;
				CLANG_WARN_BOOL_CONVERSION = YES;
				CLANG_WARN_COMMA = YES;
				CLANG_WARN_CONSTANT_CONVERSION = YES;
				CLANG_WARN_DEPRECATED_OBJC_IMPLEMENTATIONS = YES;
				CLANG_WARN_DIRECT_OBJC_ISA_USAGE = YES_ERROR;
				CLANG_WARN_DOCUMENTATION_COMMENTS = YES;
				CLANG_WARN_EMPTY_BODY = YES;
				CLANG_WARN_ENUM_CONVERSION = YES;
				CLANG_WARN_INFINITE_RECURSION = YES;
				CLANG_WARN_INT_CONVERSION = YES;
				CLANG_WARN_NON_LITERAL_NULL_CONVERSION = YES;
				CLANG_WARN_OBJC_IMPLICIT_RETAIN_SELF = YES;
				CLANG_WARN_OBJC_LITERAL_CONVERSION = YES;
				CLANG_WARN_OBJC_ROOT_CLASS = YES_ERROR;
				CLANG_WARN_QUOTED_INCLUDE_IN_FRAMEWORK_HEADER = YES;
				CLANG_WARN_RANGE_LOOP_ANALYSIS = YES;
				CLANG_WARN_STRICT_PROTOTYPES = YES;
				CLANG_WARN_SUSPICIOUS_MOVE = YES;
				CLANG_WARN_UNGUARDED_AVAILABILITY = YES_AGGRESSIVE;
				CLANG_WARN_UNREACHABLE_CODE = YES;
				CLANG_WARN__DUPLICATE_METHOD_MATCH = YES;
				COPY_PHASE_STRIP = NO;
				DEBUG_INFORMATION_FORMAT = "dwarf-with-dsym";
				ENABLE_NS_ASSERTIONS = NO;
				ENABLE_STRICT_OBJC_MSGSEND = YES;
				GCC_C_LANGUAGE_STANDARD = gnu11;
				GCC_NO_COMMON_BLOCKS = YES;
				GCC_WARN_64_TO_32_BIT_CONVERSION = YES;
				GCC_WARN_ABOUT_RETURN_TYPE = YES_ERROR;
				GCC_WARN_UNDECLARED_SELECTOR = YES;
				GCC_WARN_UNINITIALIZED_AUTOS = YES_AGGRESSIVE;
				GCC_WARN_UNUSED_FUNCTION = YES;
				GCC_WARN_UNUSED_VARIABLE = YES;
				IPHONEOS_DEPLOYMENT_TARGET = 10.0;
				MTL_ENABLE_DEBUG_INFO = NO;
				MTL_FAST_MATH = YES;
				SDKROOT = iphoneos;
				SWIFT_COMPILATION_MODE = wholemodule;
				SWIFT_OPTIMIZATION_LEVEL = "-O";
				VALIDATE_PRODUCT = YES;
			};
			name = Release;
		};
		89A9A1BA25D10E6B000F9748 /* Debug */ = {
			isa = XCBuildConfiguration;
			baseConfigurationReference = B7FA075EF8E8FCED21020D7B /* Pods-NEProTest.debug.xcconfig */;
			buildSettings = {
				ASSETCATALOG_COMPILER_APPICON_NAME = AppIcon;
				ASSETCATALOG_COMPILER_GLOBAL_ACCENT_COLOR_NAME = AccentColor;
				CLANG_ENABLE_MODULES = YES;
				CODE_SIGN_STYLE = Automatic;
				DEVELOPMENT_TEAM = 694LG5K33D;
				INFOPLIST_FILE = NEProTest/Info.plist;
				LD_RUNPATH_SEARCH_PATHS = (
					"$(inherited)",
					"@executable_path/Frameworks",
				);
				PRODUCT_BUNDLE_IDENTIFIER = com.pinglian.app.NEProTest;
				PRODUCT_NAME = "$(TARGET_NAME)";
				SWIFT_OBJC_BRIDGING_HEADER = "NEProTest/自签名证书https校验/NEProTest-Bridging-Header.h";
				SWIFT_OPTIMIZATION_LEVEL = "-Onone";
				SWIFT_VERSION = 5.0;
				TARGETED_DEVICE_FAMILY = "1,2";
			};
			name = Debug;
		};
		89A9A1BB25D10E6B000F9748 /* Release */ = {
			isa = XCBuildConfiguration;
			baseConfigurationReference = 8C7899B900FC476B6AE78736 /* Pods-NEProTest.release.xcconfig */;
			buildSettings = {
				ASSETCATALOG_COMPILER_APPICON_NAME = AppIcon;
				ASSETCATALOG_COMPILER_GLOBAL_ACCENT_COLOR_NAME = AccentColor;
				CLANG_ENABLE_MODULES = YES;
				CODE_SIGN_STYLE = Automatic;
				DEVELOPMENT_TEAM = 694LG5K33D;
				INFOPLIST_FILE = NEProTest/Info.plist;
				LD_RUNPATH_SEARCH_PATHS = (
					"$(inherited)",
					"@executable_path/Frameworks",
				);
				PRODUCT_BUNDLE_IDENTIFIER = com.pinglian.app.NEProTest;
				PRODUCT_NAME = "$(TARGET_NAME)";
				SWIFT_OBJC_BRIDGING_HEADER = "NEProTest/自签名证书https校验/NEProTest-Bridging-Header.h";
				SWIFT_VERSION = 5.0;
				TARGETED_DEVICE_FAMILY = "1,2";
			};
			name = Release;
		};
/* End XCBuildConfiguration section */

/* Begin XCConfigurationList section */
		89A9A1A025D10E6A000F9748 /* Build configuration list for PBXProject "NEProTest" */ = {
			isa = XCConfigurationList;
			buildConfigurations = (
				89A9A1B725D10E6B000F9748 /* Debug */,
				89A9A1B825D10E6B000F9748 /* Release */,
			);
			defaultConfigurationIsVisible = 0;
			defaultConfigurationName = Release;
		};
		89A9A1B925D10E6B000F9748 /* Build configuration list for PBXNativeTarget "NEProTest" */ = {
			isa = XCConfigurationList;
			buildConfigurations = (
				89A9A1BA25D10E6B000F9748 /* Debug */,
				89A9A1BB25D10E6B000F9748 /* Release */,
			);
			defaultConfigurationIsVisible = 0;
			defaultConfigurationName = Release;
		};
/* End XCConfigurationList section */
	};
	rootObject = 89A9A19D25D10E6A000F9748 /* Project object */;
}
