// !$*UTF8*$!
{
	archiveVersion = 1;
	classes = {
	};
	objectVersion = 48;
	objects = {

/* Begin PBXBuildFile section */
		85C01B321D7D5F941D80BC9D /* Pods_Elegant.framework in Frameworks */ = {isa = PBXBuildFile; fileRef = 87723BFB10FE7AB6253C6A03 /* Pods_Elegant.framework */; };
		89A645F31FC4220500FBDCC0 /* HCTabBarController.swift in Sources */ = {isa = PBXBuildFile; fileRef = 89A645F21FC4220500FBDCC0 /* HCTabBarController.swift */; };
		89A645F91FC423CE00FBDCC0 /* BaseViewController.swift in Sources */ = {isa = PBXBuildFile; fileRef = 89A645F81FC423CE00FBDCC0 /* BaseViewController.swift */; };
		89A645FB1FC4241200FBDCC0 /* HCDrivesViewController.swift in Sources */ = {isa = PBXBuildFile; fileRef = 89A645FA1FC4241200FBDCC0 /* HCDrivesViewController.swift */; };
		89A645FD1FC4244900FBDCC0 /* HCPlantViewController.swift in Sources */ = {isa = PBXBuildFile; fileRef = 89A645FC1FC4244900FBDCC0 /* HCPlantViewController.swift */; };
		89A645FF1FC4245E00FBDCC0 /* HCCommunityViewController.swift in Sources */ = {isa = PBXBuildFile; fileRef = 89A645FE1FC4245E00FBDCC0 /* HCCommunityViewController.swift */; };
		89A646011FC4247D00FBDCC0 /* HCPersonalViewController.swift in Sources */ = {isa = PBXBuildFile; fileRef = 89A646001FC4247D00FBDCC0 /* HCPersonalViewController.swift */; };
		89EA3A6D1FBEF79100F0CDD4 /* AppDelegate.swift in Sources */ = {isa = PBXBuildFile; fileRef = 89EA3A6C1FBEF79100F0CDD4 /* AppDelegate.swift */; };
		89EA3A6F1FBEF79100F0CDD4 /* ViewController.swift in Sources */ = {isa = PBXBuildFile; fileRef = 89EA3A6E1FBEF79100F0CDD4 /* ViewController.swift */; };
		89EA3A721FBEF79100F0CDD4 /* Main.storyboard in Resources */ = {isa = PBXBuildFile; fileRef = 89EA3A701FBEF79100F0CDD4 /* Main.storyboard */; };
		89EA3A751FBEF79100F0CDD4 /* Elegant.xcdatamodeld in Sources */ = {isa = PBXBuildFile; fileRef = 89EA3A731FBEF79100F0CDD4 /* Elegant.xcdatamodeld */; };
		89EA3A771FBEF79100F0CDD4 /* Assets.xcassets in Resources */ = {isa = PBXBuildFile; fileRef = 89EA3A761FBEF79100F0CDD4 /* Assets.xcassets */; };
		89EA3A7A1FBEF79100F0CDD4 /* LaunchScreen.storyboard in Resources */ = {isa = PBXBuildFile; fileRef = 89EA3A781FBEF79100F0CDD4 /* LaunchScreen.storyboard */; };
		89EA3A851FBEF79100F0CDD4 /* ElegantTests.swift in Sources */ = {isa = PBXBuildFile; fileRef = 89EA3A841FBEF79100F0CDD4 /* ElegantTests.swift */; };
		89EA3A901FBEF79100F0CDD4 /* ElegantUITests.swift in Sources */ = {isa = PBXBuildFile; fileRef = 89EA3A8F1FBEF79100F0CDD4 /* ElegantUITests.swift */; };
/* End PBXBuildFile section */

/* Begin PBXContainerItemProxy section */
		89EA3A811FBEF79100F0CDD4 /* PBXContainerItemProxy */ = {
			isa = PBXContainerItemProxy;
			containerPortal = 89EA3A611FBEF79100F0CDD4 /* Project object */;
			proxyType = 1;
			remoteGlobalIDString = 89EA3A681FBEF79100F0CDD4;
			remoteInfo = Elegant;
		};
		89EA3A8C1FBEF79100F0CDD4 /* PBXContainerItemProxy */ = {
			isa = PBXContainerItemProxy;
			containerPortal = 89EA3A611FBEF79100F0CDD4 /* Project object */;
			proxyType = 1;
			remoteGlobalIDString = 89EA3A681FBEF79100F0CDD4;
			remoteInfo = Elegant;
		};
/* End PBXContainerItemProxy section */

/* Begin PBXFileReference section */
		18A35059210AE67E00DEB510 /* Elegant-Bridging-Header.h */ = {isa = PBXFileReference; lastKnownFileType = sourcecode.c.h; path = "Elegant-Bridging-Header.h"; sourceTree = "<group>"; };
		5F941C3B9FE332CB5CBEF600 /* Pods-Elegant.release.xcconfig */ = {isa = PBXFileReference; includeInIndex = 1; lastKnownFileType = text.xcconfig; name = "Pods-Elegant.release.xcconfig"; path = "Pods/Target Support Files/Pods-Elegant/Pods-Elegant.release.xcconfig"; sourceTree = "<group>"; };
		87723BFB10FE7AB6253C6A03 /* Pods_Elegant.framework */ = {isa = PBXFileReference; explicitFileType = wrapper.framework; includeInIndex = 0; path = Pods_Elegant.framework; sourceTree = BUILT_PRODUCTS_DIR; };
		89A645F21FC4220500FBDCC0 /* HCTabBarController.swift */ = {isa = PBXFileReference; lastKnownFileType = sourcecode.swift; path = HCTabBarController.swift; sourceTree = "<group>"; };
		89A645F81FC423CE00FBDCC0 /* BaseViewController.swift */ = {isa = PBXFileReference; lastKnownFileType = sourcecode.swift; path = BaseViewController.swift; sourceTree = "<group>"; };
		89A645FA1FC4241200FBDCC0 /* HCDrivesViewController.swift */ = {isa = PBXFileReference; lastKnownFileType = sourcecode.swift; path = HCDrivesViewController.swift; sourceTree = "<group>"; };
		89A645FC1FC4244900FBDCC0 /* HCPlantViewController.swift */ = {isa = PBXFileReference; lastKnownFileType = sourcecode.swift; path = HCPlantViewController.swift; sourceTree = "<group>"; };
		89A645FE1FC4245E00FBDCC0 /* HCCommunityViewController.swift */ = {isa = PBXFileReference; lastKnownFileType = sourcecode.swift; path = HCCommunityViewController.swift; sourceTree = "<group>"; };
		89A646001FC4247D00FBDCC0 /* HCPersonalViewController.swift */ = {isa = PBXFileReference; lastKnownFileType = sourcecode.swift; path = HCPersonalViewController.swift; sourceTree = "<group>"; };
		89EA3A691FBEF79100F0CDD4 /* Elegant.app */ = {isa = PBXFileReference; explicitFileType = wrapper.application; includeInIndex = 0; path = Elegant.app; sourceTree = BUILT_PRODUCTS_DIR; };
		89EA3A6C1FBEF79100F0CDD4 /* AppDelegate.swift */ = {isa = PBXFileReference; lastKnownFileType = sourcecode.swift; path = AppDelegate.swift; sourceTree = "<group>"; };
		89EA3A6E1FBEF79100F0CDD4 /* ViewController.swift */ = {isa = PBXFileReference; lastKnownFileType = sourcecode.swift; path = ViewController.swift; sourceTree = "<group>"; };
		89EA3A711FBEF79100F0CDD4 /* Base */ = {isa = PBXFileReference; lastKnownFileType = file.storyboard; name = Base; path = Base.lproj/Main.storyboard; sourceTree = "<group>"; };
		89EA3A741FBEF79100F0CDD4 /* Elegant.xcdatamodel */ = {isa = PBXFileReference; lastKnownFileType = wrapper.xcdatamodel; path = Elegant.xcdatamodel; sourceTree = "<group>"; };
		89EA3A761FBEF79100F0CDD4 /* Assets.xcassets */ = {isa = PBXFileReference; lastKnownFileType = folder.assetcatalog; path = Assets.xcassets; sourceTree = "<group>"; };
		89EA3A791FBEF79100F0CDD4 /* Base */ = {isa = PBXFileReference; lastKnownFileType = file.storyboard; name = Base; path = Base.lproj/LaunchScreen.storyboard; sourceTree = "<group>"; };
		89EA3A7B1FBEF79100F0CDD4 /* Info.plist */ = {isa = PBXFileReference; lastKnownFileType = text.plist.xml; path = Info.plist; sourceTree = "<group>"; };
		89EA3A801FBEF79100F0CDD4 /* ElegantTests.xctest */ = {isa = PBXFileReference; explicitFileType = wrapper.cfbundle; includeInIndex = 0; path = ElegantTests.xctest; sourceTree = BUILT_PRODUCTS_DIR; };
		89EA3A841FBEF79100F0CDD4 /* ElegantTests.swift */ = {isa = PBXFileReference; lastKnownFileType = sourcecode.swift; path = ElegantTests.swift; sourceTree = "<group>"; };
		89EA3A861FBEF79100F0CDD4 /* Info.plist */ = {isa = PBXFileReference; lastKnownFileType = text.plist.xml; path = Info.plist; sourceTree = "<group>"; };
		89EA3A8B1FBEF79100F0CDD4 /* ElegantUITests.xctest */ = {isa = PBXFileReference; explicitFileType = wrapper.cfbundle; includeInIndex = 0; path = ElegantUITests.xctest; sourceTree = BUILT_PRODUCTS_DIR; };
		89EA3A8F1FBEF79100F0CDD4 /* ElegantUITests.swift */ = {isa = PBXFileReference; lastKnownFileType = sourcecode.swift; path = ElegantUITests.swift; sourceTree = "<group>"; };
		89EA3A911FBEF79100F0CDD4 /* Info.plist */ = {isa = PBXFileReference; lastKnownFileType = text.plist.xml; path = Info.plist; sourceTree = "<group>"; };
		DE84F2FEAC9E91DA26EE99A3 /* Pods-Elegant.debug.xcconfig */ = {isa = PBXFileReference; includeInIndex = 1; lastKnownFileType = text.xcconfig; name = "Pods-Elegant.debug.xcconfig"; path = "Pods/Target Support Files/Pods-Elegant/Pods-Elegant.debug.xcconfig"; sourceTree = "<group>"; };
/* End PBXFileReference section */

/* Begin PBXFrameworksBuildPhase section */
		89EA3A661FBEF79100F0CDD4 /* Frameworks */ = {
			isa = PBXFrameworksBuildPhase;
			buildActionMask = 2147483647;
			files = (
				85C01B321D7D5F941D80BC9D /* Pods_Elegant.framework in Frameworks */,
			);
			runOnlyForDeploymentPostprocessing = 0;
		};
		89EA3A7D1FBEF79100F0CDD4 /* Frameworks */ = {
			isa = PBXFrameworksBuildPhase;
			buildActionMask = 2147483647;
			files = (
			);
			runOnlyForDeploymentPostprocessing = 0;
		};
		89EA3A881FBEF79100F0CDD4 /* Frameworks */ = {
			isa = PBXFrameworksBuildPhase;
			buildActionMask = 2147483647;
			files = (
			);
			runOnlyForDeploymentPostprocessing = 0;
		};
/* End PBXFrameworksBuildPhase section */

/* Begin PBXGroup section */
		084CE8546FD7F687AAACE89B /* Pods */ = {
			isa = PBXGroup;
			children = (
				DE84F2FEAC9E91DA26EE99A3 /* Pods-Elegant.debug.xcconfig */,
				5F941C3B9FE332CB5CBEF600 /* Pods-Elegant.release.xcconfig */,
			);
			name = Pods;
			sourceTree = "<group>";
		};
		89A645F41FC4227700FBDCC0 /* HCDrives */ = {
			isa = PBXGroup;
			children = (
				89A645FA1FC4241200FBDCC0 /* HCDrivesViewController.swift */,
			);
			path = HCDrives;
			sourceTree = "<group>";
		};
		89A645F51FC4231200FBDCC0 /* Plants */ = {
			isa = PBXGroup;
			children = (
				89A645FC1FC4244900FBDCC0 /* HCPlantViewController.swift */,
			);
			path = Plants;
			sourceTree = "<group>";
		};
		89A645F61FC4231F00FBDCC0 /* Community */ = {
			isa = PBXGroup;
			children = (
				89A645FE1FC4245E00FBDCC0 /* HCCommunityViewController.swift */,
			);
			path = Community;
			sourceTree = "<group>";
		};
		89A645F71FC4235C00FBDCC0 /* Personal */ = {
			isa = PBXGroup;
			children = (
				89A646001FC4247D00FBDCC0 /* HCPersonalViewController.swift */,
			);
			path = Personal;
			sourceTree = "<group>";
		};
		89EA3A601FBEF79100F0CDD4 = {
			isa = PBXGroup;
			children = (
				89EA3A6B1FBEF79100F0CDD4 /* Elegant */,
				89EA3A831FBEF79100F0CDD4 /* ElegantTests */,
				89EA3A8E1FBEF79100F0CDD4 /* ElegantUITests */,
				89EA3A6A1FBEF79100F0CDD4 /* Products */,
				084CE8546FD7F687AAACE89B /* Pods */,
				A59F4F57D385F31E950310A2 /* Frameworks */,
			);
			sourceTree = "<group>";
		};
		89EA3A6A1FBEF79100F0CDD4 /* Products */ = {
			isa = PBXGroup;
			children = (
				89EA3A691FBEF79100F0CDD4 /* Elegant.app */,
				89EA3A801FBEF79100F0CDD4 /* ElegantTests.xctest */,
				89EA3A8B1FBEF79100F0CDD4 /* ElegantUITests.xctest */,
			);
			name = Products;
			sourceTree = "<group>";
		};
		89EA3A6B1FBEF79100F0CDD4 /* Elegant */ = {
			isa = PBXGroup;
			children = (
				89EA3A9D1FBEF88800F0CDD4 /* Class */,
				89EA3A6C1FBEF79100F0CDD4 /* AppDelegate.swift */,
				89EA3A6E1FBEF79100F0CDD4 /* ViewController.swift */,
				89EA3A701FBEF79100F0CDD4 /* Main.storyboard */,
				89EA3A761FBEF79100F0CDD4 /* Assets.xcassets */,
				89EA3A781FBEF79100F0CDD4 /* LaunchScreen.storyboard */,
				89EA3A7B1FBEF79100F0CDD4 /* Info.plist */,
				89EA3A731FBEF79100F0CDD4 /* Elegant.xcdatamodeld */,
			);
			path = Elegant;
			sourceTree = "<group>";
		};
		89EA3A831FBEF79100F0CDD4 /* ElegantTests */ = {
			isa = PBXGroup;
			children = (
				89EA3A841FBEF79100F0CDD4 /* ElegantTests.swift */,
				89EA3A861FBEF79100F0CDD4 /* Info.plist */,
			);
			path = ElegantTests;
			sourceTree = "<group>";
		};
		89EA3A8E1FBEF79100F0CDD4 /* ElegantUITests */ = {
			isa = PBXGroup;
			children = (
				89EA3A8F1FBEF79100F0CDD4 /* ElegantUITests.swift */,
				89EA3A911FBEF79100F0CDD4 /* Info.plist */,
			);
			path = ElegantUITests;
			sourceTree = "<group>";
		};
		89EA3A9D1FBEF88800F0CDD4 /* Class */ = {
			isa = PBXGroup;
			children = (
				89EA3AA61FBEFA6800F0CDD4 /* Extensions */,
				89EA3AA51FBEFA5B00F0CDD4 /* Base */,
				89EA3AA41FBEFA4800F0CDD4 /* Services */,
				89EA3AA31FBEFA3600F0CDD4 /* Helpers */,
				89EA3AA21FBEFA2500F0CDD4 /* Category */,
				89EA3AA11FBEFA1600F0CDD4 /* Views */,
				89EA3AA01FBEFA0A00F0CDD4 /* Models */,
				89EA3A9F1FBEF9FA00F0CDD4 /* Controllers */,
			);
			path = Class;
			sourceTree = "<group>";
		};
		89EA3A9F1FBEF9FA00F0CDD4 /* Controllers */ = {
			isa = PBXGroup;
			children = (
				89A645F71FC4235C00FBDCC0 /* Personal */,
				89A645F61FC4231F00FBDCC0 /* Community */,
				89A645F51FC4231200FBDCC0 /* Plants */,
				89A645F41FC4227700FBDCC0 /* HCDrives */,
			);
			path = Controllers;
			sourceTree = "<group>";
		};
		89EA3AA01FBEFA0A00F0CDD4 /* Models */ = {
			isa = PBXGroup;
			children = (
			);
			path = Models;
			sourceTree = "<group>";
		};
		89EA3AA11FBEFA1600F0CDD4 /* Views */ = {
			isa = PBXGroup;
			children = (
			);
			path = Views;
			sourceTree = "<group>";
		};
		89EA3AA21FBEFA2500F0CDD4 /* Category */ = {
			isa = PBXGroup;
			children = (
			);
			path = Category;
			sourceTree = "<group>";
		};
		89EA3AA31FBEFA3600F0CDD4 /* Helpers */ = {
			isa = PBXGroup;
			children = (
			);
			path = Helpers;
			sourceTree = "<group>";
		};
		89EA3AA41FBEFA4800F0CDD4 /* Services */ = {
			isa = PBXGroup;
			children = (
			);
			path = Services;
			sourceTree = "<group>";
		};
		89EA3AA51FBEFA5B00F0CDD4 /* Base */ = {
			isa = PBXGroup;
			children = (
				89A645F21FC4220500FBDCC0 /* HCTabBarController.swift */,
				89A645F81FC423CE00FBDCC0 /* BaseViewController.swift */,
			);
			path = Base;
			sourceTree = "<group>";
		};
		89EA3AA61FBEFA6800F0CDD4 /* Extensions */ = {
			isa = PBXGroup;
			children = (
				18A35059210AE67E00DEB510 /* Elegant-Bridging-Header.h */,
			);
			path = Extensions;
			sourceTree = "<group>";
		};
		A59F4F57D385F31E950310A2 /* Frameworks */ = {
			isa = PBXGroup;
			children = (
				87723BFB10FE7AB6253C6A03 /* Pods_Elegant.framework */,
			);
			name = Frameworks;
			sourceTree = "<group>";
		};
/* End PBXGroup section */

/* Begin PBXNativeTarget section */
		89EA3A681FBEF79100F0CDD4 /* Elegant */ = {
			isa = PBXNativeTarget;
			buildConfigurationList = 89EA3A941FBEF79100F0CDD4 /* Build configuration list for PBXNativeTarget "Elegant" */;
			buildPhases = (
				95983F862C3E2A5AF41B4768 /* [CP] Check Pods Manifest.lock */,
				89EA3A651FBEF79100F0CDD4 /* Sources */,
				89EA3A661FBEF79100F0CDD4 /* Frameworks */,
				89EA3A671FBEF79100F0CDD4 /* Resources */,
				0554EAB3079984045454C652 /* [CP] Embed Pods Frameworks */,
				5215789FC7254544396526E0 /* [CP] Copy Pods Resources */,
			);
			buildRules = (
			);
			dependencies = (
			);
			name = Elegant;
			productName = Elegant;
			productReference = 89EA3A691FBEF79100F0CDD4 /* Elegant.app */;
			productType = "com.apple.product-type.application";
		};
		89EA3A7F1FBEF79100F0CDD4 /* ElegantTests */ = {
			isa = PBXNativeTarget;
			buildConfigurationList = 89EA3A971FBEF79100F0CDD4 /* Build configuration list for PBXNativeTarget "ElegantTests" */;
			buildPhases = (
				89EA3A7C1FBEF79100F0CDD4 /* Sources */,
				89EA3A7D1FBEF79100F0CDD4 /* Frameworks */,
				89EA3A7E1FBEF79100F0CDD4 /* Resources */,
			);
			buildRules = (
			);
			dependencies = (
				89EA3A821FBEF79100F0CDD4 /* PBXTargetDependency */,
			);
			name = ElegantTests;
			productName = ElegantTests;
			productReference = 89EA3A801FBEF79100F0CDD4 /* ElegantTests.xctest */;
			productType = "com.apple.product-type.bundle.unit-test";
		};
		89EA3A8A1FBEF79100F0CDD4 /* ElegantUITests */ = {
			isa = PBXNativeTarget;
			buildConfigurationList = 89EA3A9A1FBEF79100F0CDD4 /* Build configuration list for PBXNativeTarget "ElegantUITests" */;
			buildPhases = (
				89EA3A871FBEF79100F0CDD4 /* Sources */,
				89EA3A881FBEF79100F0CDD4 /* Frameworks */,
				89EA3A891FBEF79100F0CDD4 /* Resources */,
			);
			buildRules = (
			);
			dependencies = (
				89EA3A8D1FBEF79100F0CDD4 /* PBXTargetDependency */,
			);
			name = ElegantUITests;
			productName = ElegantUITests;
			productReference = 89EA3A8B1FBEF79100F0CDD4 /* ElegantUITests.xctest */;
			productType = "com.apple.product-type.bundle.ui-testing";
		};
/* End PBXNativeTarget section */

/* Begin PBXProject section */
		89EA3A611FBEF79100F0CDD4 /* Project object */ = {
			isa = PBXProject;
			attributes = {
				LastSwiftUpdateCheck = 0910;
				LastUpgradeCheck = 0910;
				ORGANIZATIONNAME = "陆";
				TargetAttributes = {
					89EA3A681FBEF79100F0CDD4 = {
						CreatedOnToolsVersion = 9.1;
						LastSwiftMigration = 0930;
						ProvisioningStyle = Automatic;
					};
					89EA3A7F1FBEF79100F0CDD4 = {
						CreatedOnToolsVersion = 9.1;
						ProvisioningStyle = Automatic;
						TestTargetID = 89EA3A681FBEF79100F0CDD4;
					};
					89EA3A8A1FBEF79100F0CDD4 = {
						CreatedOnToolsVersion = 9.1;
						ProvisioningStyle = Automatic;
						TestTargetID = 89EA3A681FBEF79100F0CDD4;
					};
				};
			};
			buildConfigurationList = 89EA3A641FBEF79100F0CDD4 /* Build configuration list for PBXProject "Elegant" */;
			compatibilityVersion = "Xcode 8.0";
			developmentRegion = en;
			hasScannedForEncodings = 0;
			knownRegions = (
				en,
				Base,
			);
			mainGroup = 89EA3A601FBEF79100F0CDD4;
			productRefGroup = 89EA3A6A1FBEF79100F0CDD4 /* Products */;
			projectDirPath = "";
			projectRoot = "";
			targets = (
				89EA3A681FBEF79100F0CDD4 /* Elegant */,
				89EA3A7F1FBEF79100F0CDD4 /* ElegantTests */,
				89EA3A8A1FBEF79100F0CDD4 /* ElegantUITests */,
			);
		};
/* End PBXProject section */

/* Begin PBXResourcesBuildPhase section */
		89EA3A671FBEF79100F0CDD4 /* Resources */ = {
			isa = PBXResourcesBuildPhase;
			buildActionMask = 2147483647;
			files = (
				89EA3A7A1FBEF79100F0CDD4 /* LaunchScreen.storyboard in Resources */,
				89EA3A771FBEF79100F0CDD4 /* Assets.xcassets in Resources */,
				89EA3A721FBEF79100F0CDD4 /* Main.storyboard in Resources */,
			);
			runOnlyForDeploymentPostprocessing = 0;
		};
		89EA3A7E1FBEF79100F0CDD4 /* Resources */ = {
			isa = PBXResourcesBuildPhase;
			buildActionMask = 2147483647;
			files = (
			);
			runOnlyForDeploymentPostprocessing = 0;
		};
		89EA3A891FBEF79100F0CDD4 /* Resources */ = {
			isa = PBXResourcesBuildPhase;
			buildActionMask = 2147483647;
			files = (
			);
			runOnlyForDeploymentPostprocessing = 0;
		};
/* End PBXResourcesBuildPhase section */

/* Begin PBXShellScriptBuildPhase section */
		0554EAB3079984045454C652 /* [CP] Embed Pods Frameworks */ = {
			isa = PBXShellScriptBuildPhase;
			buildActionMask = 2147483647;
			files = (
			);
			inputPaths = (
				"${SRCROOT}/Pods/Target Support Files/Pods-Elegant/Pods-Elegant-frameworks.sh",
				"${BUILT_PRODUCTS_DIR}/ChameleonFramework/ChameleonFramework.framework",
				"${BUILT_PRODUCTS_DIR}/pop/pop.framework",
			);
			name = "[CP] Embed Pods Frameworks";
			outputPaths = (
				"${TARGET_BUILD_DIR}/${FRAMEWORKS_FOLDER_PATH}/ChameleonFramework.framework",
				"${TARGET_BUILD_DIR}/${FRAMEWORKS_FOLDER_PATH}/pop.framework",
			);
			runOnlyForDeploymentPostprocessing = 0;
			shellPath = /bin/sh;
			shellScript = "\"${SRCROOT}/Pods/Target Support Files/Pods-Elegant/Pods-Elegant-frameworks.sh\"\n";
			showEnvVarsInLog = 0;
		};
		5215789FC7254544396526E0 /* [CP] Copy Pods Resources */ = {
			isa = PBXShellScriptBuildPhase;
			buildActionMask = 2147483647;
			files = (
			);
			inputPaths = (
			);
			name = "[CP] Copy Pods Resources";
			outputPaths = (
			);
			runOnlyForDeploymentPostprocessing = 0;
			shellPath = /bin/sh;
			shellScript = "\"${SRCROOT}/Pods/Target Support Files/Pods-Elegant/Pods-Elegant-resources.sh\"\n";
			showEnvVarsInLog = 0;
		};
		95983F862C3E2A5AF41B4768 /* [CP] Check Pods Manifest.lock */ = {
			isa = PBXShellScriptBuildPhase;
			buildActionMask = 2147483647;
			files = (
			);
			inputPaths = (
				"${PODS_PODFILE_DIR_PATH}/Podfile.lock",
				"${PODS_ROOT}/Manifest.lock",
			);
			name = "[CP] Check Pods Manifest.lock";
			outputPaths = (
				"$(DERIVED_FILE_DIR)/Pods-Elegant-checkManifestLockResult.txt",
			);
			runOnlyForDeploymentPostprocessing = 0;
			shellPath = /bin/sh;
			shellScript = "diff \"${PODS_PODFILE_DIR_PATH}/Podfile.lock\" \"${PODS_ROOT}/Manifest.lock\" > /dev/null\nif [ $? != 0 ] ; then\n    # print error to STDERR\n    echo \"error: The sandbox is not in sync with the Podfile.lock. Run 'pod install' or update your CocoaPods installation.\" >&2\n    exit 1\nfi\n# This output is used by Xcode 'outputs' to avoid re-running this script phase.\necho \"SUCCESS\" > \"${SCRIPT_OUTPUT_FILE_0}\"\n";
			showEnvVarsInLog = 0;
		};
/* End PBXShellScriptBuildPhase section */

/* Begin PBXSourcesBuildPhase section */
		89EA3A651FBEF79100F0CDD4 /* Sources */ = {
			isa = PBXSourcesBuildPhase;
			buildActionMask = 2147483647;
			files = (
				89A645F91FC423CE00FBDCC0 /* BaseViewController.swift in Sources */,
				89A645FF1FC4245E00FBDCC0 /* HCCommunityViewController.swift in Sources */,
				89EA3A6F1FBEF79100F0CDD4 /* ViewController.swift in Sources */,
				89A645FB1FC4241200FBDCC0 /* HCDrivesViewController.swift in Sources */,
				89A646011FC4247D00FBDCC0 /* HCPersonalViewController.swift in Sources */,
				89EA3A751FBEF79100F0CDD4 /* Elegant.xcdatamodeld in Sources */,
				89A645F31FC4220500FBDCC0 /* HCTabBarController.swift in Sources */,
				89A645FD1FC4244900FBDCC0 /* HCPlantViewController.swift in Sources */,
				89EA3A6D1FBEF79100F0CDD4 /* AppDelegate.swift in Sources */,
			);
			runOnlyForDeploymentPostprocessing = 0;
		};
		89EA3A7C1FBEF79100F0CDD4 /* Sources */ = {
			isa = PBXSourcesBuildPhase;
			buildActionMask = 2147483647;
			files = (
				89EA3A851FBEF79100F0CDD4 /* ElegantTests.swift in Sources */,
			);
			runOnlyForDeploymentPostprocessing = 0;
		};
		89EA3A871FBEF79100F0CDD4 /* Sources */ = {
			isa = PBXSourcesBuildPhase;
			buildActionMask = 2147483647;
			files = (
				89EA3A901FBEF79100F0CDD4 /* ElegantUITests.swift in Sources */,
			);
			runOnlyForDeploymentPostprocessing = 0;
		};
/* End PBXSourcesBuildPhase section */

/* Begin PBXTargetDependency section */
		89EA3A821FBEF79100F0CDD4 /* PBXTargetDependency */ = {
			isa = PBXTargetDependency;
			target = 89EA3A681FBEF79100F0CDD4 /* Elegant */;
			targetProxy = 89EA3A811FBEF79100F0CDD4 /* PBXContainerItemProxy */;
		};
		89EA3A8D1FBEF79100F0CDD4 /* PBXTargetDependency */ = {
			isa = PBXTargetDependency;
			target = 89EA3A681FBEF79100F0CDD4 /* Elegant */;
			targetProxy = 89EA3A8C1FBEF79100F0CDD4 /* PBXContainerItemProxy */;
		};
/* End PBXTargetDependency section */

/* Begin PBXVariantGroup section */
		89EA3A701FBEF79100F0CDD4 /* Main.storyboard */ = {
			isa = PBXVariantGroup;
			children = (
				89EA3A711FBEF79100F0CDD4 /* Base */,
			);
			name = Main.storyboard;
			sourceTree = "<group>";
		};
		89EA3A781FBEF79100F0CDD4 /* LaunchScreen.storyboard */ = {
			isa = PBXVariantGroup;
			children = (
				89EA3A791FBEF79100F0CDD4 /* Base */,
			);
			name = LaunchScreen.storyboard;
			sourceTree = "<group>";
		};
/* End PBXVariantGroup section */

/* Begin XCBuildConfiguration section */
		89EA3A921FBEF79100F0CDD4 /* Debug */ = {
			isa = XCBuildConfiguration;
			buildSettings = {
				ALWAYS_SEARCH_USER_PATHS = NO;
				CLANG_ANALYZER_NONNULL = YES;
				CLANG_ANALYZER_NUMBER_OBJECT_CONVERSION = YES_AGGRESSIVE;
				CLANG_CXX_LANGUAGE_STANDARD = "gnu++14";
				CLANG_CXX_LIBRARY = "libc++";
				CLANG_ENABLE_MODULES = YES;
				CLANG_ENABLE_OBJC_ARC = YES;
				CLANG_WARN_BLOCK_CAPTURE_AUTORELEASING = YES;
				CLANG_WARN_BOOL_CONVERSION = YES;
				CLANG_WARN_COMMA = YES;
				CLANG_WARN_CONSTANT_CONVERSION = YES;
				CLANG_WARN_DIRECT_OBJC_ISA_USAGE = YES_ERROR;
				CLANG_WARN_DOCUMENTATION_COMMENTS = YES;
				CLANG_WARN_EMPTY_BODY = YES;
				CLANG_WARN_ENUM_CONVERSION = YES;
				CLANG_WARN_INFINITE_RECURSION = YES;
				CLANG_WARN_INT_CONVERSION = YES;
				CLANG_WARN_NON_LITERAL_NULL_CONVERSION = YES;
				CLANG_WARN_OBJC_LITERAL_CONVERSION = YES;
				CLANG_WARN_OBJC_ROOT_CLASS = YES_ERROR;
				CLANG_WARN_RANGE_LOOP_ANALYSIS = YES;
				CLANG_WARN_STRICT_PROTOTYPES = YES;
				CLANG_WARN_SUSPICIOUS_MOVE = YES;
				CLANG_WARN_UNGUARDED_AVAILABILITY = YES_AGGRESSIVE;
				CLANG_WARN_UNREACHABLE_CODE = YES;
				CLANG_WARN__DUPLICATE_METHOD_MATCH = YES;
				CODE_SIGN_IDENTITY = "iPhone Developer";
				COPY_PHASE_STRIP = NO;
				DEBUG_INFORMATION_FORMAT = dwarf;
				ENABLE_STRICT_OBJC_MSGSEND = YES;
				ENABLE_TESTABILITY = YES;
				GCC_C_LANGUAGE_STANDARD = gnu11;
				GCC_DYNAMIC_NO_PIC = NO;
				GCC_NO_COMMON_BLOCKS = YES;
				GCC_OPTIMIZATION_LEVEL = 0;
				GCC_PREPROCESSOR_DEFINITIONS = (
					"DEBUG=1",
					"$(inherited)",
				);
				GCC_WARN_64_TO_32_BIT_CONVERSION = YES;
				GCC_WARN_ABOUT_RETURN_TYPE = YES_ERROR;
				GCC_WARN_UNDECLARED_SELECTOR = YES;
				GCC_WARN_UNINITIALIZED_AUTOS = YES_AGGRESSIVE;
				GCC_WARN_UNUSED_FUNCTION = YES;
				GCC_WARN_UNUSED_VARIABLE = YES;
				IPHONEOS_DEPLOYMENT_TARGET = 11.1;
				MTL_ENABLE_DEBUG_INFO = YES;
				ONLY_ACTIVE_ARCH = YES;
				SDKROOT = iphoneos;
				SWIFT_ACTIVE_COMPILATION_CONDITIONS = DEBUG;
				SWIFT_OPTIMIZATION_LEVEL = "-Onone";
			};
			name = Debug;
		};
		89EA3A931FBEF79100F0CDD4 /* Release */ = {
			isa = XCBuildConfiguration;
			buildSettings = {
				ALWAYS_SEARCH_USER_PATHS = NO;
				CLANG_ANALYZER_NONNULL = YES;
				CLANG_ANALYZER_NUMBER_OBJECT_CONVERSION = YES_AGGRESSIVE;
				CLANG_CXX_LANGUAGE_STANDARD = "gnu++14";
				CLANG_CXX_LIBRARY = "libc++";
				CLANG_ENABLE_MODULES = YES;
				CLANG_ENABLE_OBJC_ARC = YES;
				CLANG_WARN_BLOCK_CAPTURE_AUTORELEASING = YES;
				CLANG_WARN_BOOL_CONVERSION = YES;
				CLANG_WARN_COMMA = YES;
				CLANG_WARN_CONSTANT_CONVERSION = YES;
				CLANG_WARN_DIRECT_OBJC_ISA_USAGE = YES_ERROR;
				CLANG_WARN_DOCUMENTATION_COMMENTS = YES;
				CLANG_WARN_EMPTY_BODY = YES;
				CLANG_WARN_ENUM_CONVERSION = YES;
				CLANG_WARN_INFINITE_RECURSION = YES;
				CLANG_WARN_INT_CONVERSION = YES;
				CLANG_WARN_NON_LITERAL_NULL_CONVERSION = YES;
				CLANG_WARN_OBJC_LITERAL_CONVERSION = YES;
				CLANG_WARN_OBJC_ROOT_CLASS = YES_ERROR;
				CLANG_WARN_RANGE_LOOP_ANALYSIS = YES;
				CLANG_WARN_STRICT_PROTOTYPES = YES;
				CLANG_WARN_SUSPICIOUS_MOVE = YES;
				CLANG_WARN_UNGUARDED_AVAILABILITY = YES_AGGRESSIVE;
				CLANG_WARN_UNREACHABLE_CODE = YES;
				CLANG_WARN__DUPLICATE_METHOD_MATCH = YES;
				CODE_SIGN_IDENTITY = "iPhone Developer";
				COPY_PHASE_STRIP = NO;
				DEBUG_INFORMATION_FORMAT = "dwarf-with-dsym";
				ENABLE_NS_ASSERTIONS = NO;
				ENABLE_STRICT_OBJC_MSGSEND = YES;
				GCC_C_LANGUAGE_STANDARD = gnu11;
				GCC_NO_COMMON_BLOCKS = YES;
				GCC_WARN_64_TO_32_BIT_CONVERSION = YES;
				GCC_WARN_ABOUT_RETURN_TYPE = YES_ERROR;
				GCC_WARN_UNDECLARED_SELECTOR = YES;
				GCC_WARN_UNINITIALIZED_AUTOS = YES_AGGRESSIVE;
				GCC_WARN_UNUSED_FUNCTION = YES;
				GCC_WARN_UNUSED_VARIABLE = YES;
				IPHONEOS_DEPLOYMENT_TARGET = 11.1;
				MTL_ENABLE_DEBUG_INFO = NO;
				SDKROOT = iphoneos;
				SWIFT_OPTIMIZATION_LEVEL = "-Owholemodule";
				VALIDATE_PRODUCT = YES;
			};
			name = Release;
		};
		89EA3A951FBEF79100F0CDD4 /* Debug */ = {
			isa = XCBuildConfiguration;
			baseConfigurationReference = DE84F2FEAC9E91DA26EE99A3 /* Pods-Elegant.debug.xcconfig */;
			buildSettings = {
				ASSETCATALOG_COMPILER_APPICON_NAME = AppIcon;
				CLANG_ENABLE_MODULES = YES;
				CODE_SIGN_STYLE = Automatic;
				DEVELOPMENT_TEAM = 694LG5K33D;
				INFOPLIST_FILE = Elegant/Info.plist;
				LD_RUNPATH_SEARCH_PATHS = "$(inherited) @executable_path/Frameworks";
				PRODUCT_BUNDLE_IDENTIFIER = www.kuming.com.Elegant;
				PRODUCT_NAME = "$(TARGET_NAME)";
				SWIFT_OBJC_BRIDGING_HEADER = "Elegant/Class/Extensions/Elegant-Bridging-Header.h";
				SWIFT_OPTIMIZATION_LEVEL = "-Onone";
				SWIFT_VERSION = 4.0;
				TARGETED_DEVICE_FAMILY = "1,2";
			};
			name = Debug;
		};
		89EA3A961FBEF79100F0CDD4 /* Release */ = {
			isa = XCBuildConfiguration;
			baseConfigurationReference = 5F941C3B9FE332CB5CBEF600 /* Pods-Elegant.release.xcconfig */;
			buildSettings = {
				ASSETCATALOG_COMPILER_APPICON_NAME = AppIcon;
				CLANG_ENABLE_MODULES = YES;
				CODE_SIGN_STYLE = Automatic;
				DEVELOPMENT_TEAM = 694LG5K33D;
				INFOPLIST_FILE = Elegant/Info.plist;
				LD_RUNPATH_SEARCH_PATHS = "$(inherited) @executable_path/Frameworks";
				PRODUCT_BUNDLE_IDENTIFIER = www.kuming.com.Elegant;
				PRODUCT_NAME = "$(TARGET_NAME)";
				SWIFT_OBJC_BRIDGING_HEADER = "Elegant/Class/Extensions/Elegant-Bridging-Header.h";
				SWIFT_VERSION = 4.0;
				TARGETED_DEVICE_FAMILY = "1,2";
			};
			name = Release;
		};
		89EA3A981FBEF79100F0CDD4 /* Debug */ = {
			isa = XCBuildConfiguration;
			buildSettings = {
				ALWAYS_EMBED_SWIFT_STANDARD_LIBRARIES = YES;
				BUNDLE_LOADER = "$(TEST_HOST)";
				CODE_SIGN_STYLE = Automatic;
				INFOPLIST_FILE = ElegantTests/Info.plist;
				LD_RUNPATH_SEARCH_PATHS = "$(inherited) @executable_path/Frameworks @loader_path/Frameworks";
				PRODUCT_BUNDLE_IDENTIFIER = www.kuming.com.ElegantTests;
				PRODUCT_NAME = "$(TARGET_NAME)";
				SWIFT_VERSION = 4.0;
				TARGETED_DEVICE_FAMILY = "1,2";
				TEST_HOST = "$(BUILT_PRODUCTS_DIR)/Elegant.app/Elegant";
			};
			name = Debug;
		};
		89EA3A991FBEF79100F0CDD4 /* Release */ = {
			isa = XCBuildConfiguration;
			buildSettings = {
				ALWAYS_EMBED_SWIFT_STANDARD_LIBRARIES = YES;
				BUNDLE_LOADER = "$(TEST_HOST)";
				CODE_SIGN_STYLE = Automatic;
				INFOPLIST_FILE = ElegantTests/Info.plist;
				LD_RUNPATH_SEARCH_PATHS = "$(inherited) @executable_path/Frameworks @loader_path/Frameworks";
				PRODUCT_BUNDLE_IDENTIFIER = www.kuming.com.ElegantTests;
				PRODUCT_NAME = "$(TARGET_NAME)";
				SWIFT_VERSION = 4.0;
				TARGETED_DEVICE_FAMILY = "1,2";
				TEST_HOST = "$(BUILT_PRODUCTS_DIR)/Elegant.app/Elegant";
			};
			name = Release;
		};
		89EA3A9B1FBEF79100F0CDD4 /* Debug */ = {
			isa = XCBuildConfiguration;
			buildSettings = {
				ALWAYS_EMBED_SWIFT_STANDARD_LIBRARIES = YES;
				CODE_SIGN_STYLE = Automatic;
				INFOPLIST_FILE = ElegantUITests/Info.plist;
				LD_RUNPATH_SEARCH_PATHS = "$(inherited) @executable_path/Frameworks @loader_path/Frameworks";
				PRODUCT_BUNDLE_IDENTIFIER = www.kuming.com.ElegantUITests;
				PRODUCT_NAME = "$(TARGET_NAME)";
				SWIFT_VERSION = 4.0;
				TARGETED_DEVICE_FAMILY = "1,2";
				TEST_TARGET_NAME = Elegant;
			};
			name = Debug;
		};
		89EA3A9C1FBEF79100F0CDD4 /* Release */ = {
			isa = XCBuildConfiguration;
			buildSettings = {
				ALWAYS_EMBED_SWIFT_STANDARD_LIBRARIES = YES;
				CODE_SIGN_STYLE = Automatic;
				INFOPLIST_FILE = ElegantUITests/Info.plist;
				LD_RUNPATH_SEARCH_PATHS = "$(inherited) @executable_path/Frameworks @loader_path/Frameworks";
				PRODUCT_BUNDLE_IDENTIFIER = www.kuming.com.ElegantUITests;
				PRODUCT_NAME = "$(TARGET_NAME)";
				SWIFT_VERSION = 4.0;
				TARGETED_DEVICE_FAMILY = "1,2";
				TEST_TARGET_NAME = Elegant;
			};
			name = Release;
		};
/* End XCBuildConfiguration section */

/* Begin XCConfigurationList section */
		89EA3A641FBEF79100F0CDD4 /* Build configuration list for PBXProject "Elegant" */ = {
			isa = XCConfigurationList;
			buildConfigurations = (
				89EA3A921FBEF79100F0CDD4 /* Debug */,
				89EA3A931FBEF79100F0CDD4 /* Release */,
			);
			defaultConfigurationIsVisible = 0;
			defaultConfigurationName = Release;
		};
		89EA3A941FBEF79100F0CDD4 /* Build configuration list for PBXNativeTarget "Elegant" */ = {
			isa = XCConfigurationList;
			buildConfigurations = (
				89EA3A951FBEF79100F0CDD4 /* Debug */,
				89EA3A961FBEF79100F0CDD4 /* Release */,
			);
			defaultConfigurationIsVisible = 0;
			defaultConfigurationName = Release;
		};
		89EA3A971FBEF79100F0CDD4 /* Build configuration list for PBXNativeTarget "ElegantTests" */ = {
			isa = XCConfigurationList;
			buildConfigurations = (
				89EA3A981FBEF79100F0CDD4 /* Debug */,
				89EA3A991FBEF79100F0CDD4 /* Release */,
			);
			defaultConfigurationIsVisible = 0;
			defaultConfigurationName = Release;
		};
		89EA3A9A1FBEF79100F0CDD4 /* Build configuration list for PBXNativeTarget "ElegantUITests" */ = {
			isa = XCConfigurationList;
			buildConfigurations = (
				89EA3A9B1FBEF79100F0CDD4 /* Debug */,
				89EA3A9C1FBEF79100F0CDD4 /* Release */,
			);
			defaultConfigurationIsVisible = 0;
			defaultConfigurationName = Release;
		};
/* End XCConfigurationList section */

/* Begin XCVersionGroup section */
		89EA3A731FBEF79100F0CDD4 /* Elegant.xcdatamodeld */ = {
			isa = XCVersionGroup;
			children = (
				89EA3A741FBEF79100F0CDD4 /* Elegant.xcdatamodel */,
			);
			currentVersion = 89EA3A741FBEF79100F0CDD4 /* Elegant.xcdatamodel */;
			path = Elegant.xcdatamodeld;
			sourceTree = "<group>";
			versionGroupType = wrapper.xcdatamodel;
		};
/* End XCVersionGroup section */
	};
	rootObject = 89EA3A611FBEF79100F0CDD4 /* Project object */;
}
